github.com/OneOfOne/xxhash v1.2.8 h1:31czK/TI9sNkxIKfaUfGlU47BAxQ0ztGgd9vPyqimf8=
github.com/OneOfOne/xxhash v1.2.8/go.mod h1:eZbhyaAYD41SGSSsnmcpxVoRiQ/MPUTjUdIIOT9Um7Q=
github.com/gobwas/glob v0.2.3 h1:A4xDbljILXROh+kObIiy5kIaPYD8e96x1tgBhUI5J+Y=
github.com/gobwas/glob v0.2.3/go.mod h1:d3Ez4x06l9bZtSvzIay5+Yzi0fmZzPgnTbPcKjJAkT8=
github.com/google/go-cmp v0.5.9/go.mod h1:17dUlkBOakJ0+DkrSSNjCkIjxS6bF9zb3elmeNGIjoY=
github.com/google/go-cmp v0.6.0 h1:ofyhxvXcZhMsU5ulbFiLKl/XBFqE1GSq7atu8tAmTRI=
github.com/google/go-cmp v0.6.0/go.mod h1:17dUlkBOakJ0+DkrSSNjCkIjxS6bF9zb3elmeNGIjoY=
github.com/gorilla/websocket v1.4.1 h1:q7AeDBpnBk8AogcD4DSag/Ukw/KV+YhzLj2bP5HvKCM=
github.com/gorilla/websocket v1.4.1/go.mod h1:YR8l580nyteQvAITg2hZ9XVh4b55+EU/adAjf1fMHhE=
github.com/kr/pretty v0.3.1 h1:flRD4NNwYAUpkphVc1HcthR4KEIFJ65n8Mw5qdRn3LE=
github.com/kr/pretty v0.3.1/go.mod h1:hoEshYVHaxMs3cyo3Yncou5ZscifuDolrwPKZanG3xk=
github.com/kr/text v0.2.0 h1:5Nx0Ya0ZqY2ygV366QzturHI13Jq95ApcVaJBhpS+AY=
github.com/kr/text v0.2.0/go.mod h1:eLer722TekiGuMkidMxC/pM04lWEeraHUUmBw8l2grE=
github.com/open-policy-agent/opa v0.67.0 h1:FOdsO9yNhfmrh+72oVK7ImWmzruG+VSpfbr5IBqEWVs=
github.com/open-policy-agent/opa v0.67.0/go.mod h1:aqKlHc8E2VAAylYE9x09zJYr/fYzGX+JKne89UGqFzk=
github.com/rcrowley/go-metrics v0.0.0-20201227073835-cf1acfcdf475 h1:N/ElC8H3+5XpJzTSTfLsJV/mx9Q9g7kxmchpfZyxgzM=
github.com/rcrowley/go-metrics v0.0.0-20201227073835-cf1acfcdf475/go.mod h1:bCqnVzQkZxMG4s8nGwiZ5l3QUCyqpo9Y+/ZMZ9VjZe4=
github.com/rogpeppe/go-internal v1.12.0 h1:exVL4IDcn6na9z1rAb56Vxr+CgyK3nn3O+epU5NdKM8=
github.com/rogpeppe/go-internal v1.12.0/go.mod h1:E+RYuTGaKKdloAfM02xzb0FW3Paa99yedzYV+kq4uf4=
github.com/sourcegraph/jsonrpc2 v0.2.0 h1:KjN/dC4fP6aN9030MZCJs9WQbTOjWHhrtKVpzzSrr/U=
github.com/sourcegraph/jsonrpc2 v0.2.0/go.mod h1:ZafdZgk/axhT1cvZAPOhw+95nz2I/Ra5qMlU4gTRwIo=
github.com/xeipuuv/gojsonpointer v0.0.0-20190905194746-02993c407bfb h1:zGWFAtiMcyryUHoUjUJX0/lt1H2+i2Ka2n+D3DImSNo=
github.com/xeipuuv/gojsonpointer v0.0.0-20190905194746-02993c407bfb/go.mod h1:N2zxlSyiKSe5eX1tZViRH5QA0qijqEDrYZiPEAiq3wU=
github.com/xeipuuv/gojsonreference v0.0.0-20180127040603-bd5ef7bd5415 h1:EzJWgHovont7NscjpAxXsDA8S8BMYve8Y5+7cuRE7R0=
github.com/xeipuuv/gojsonreference v0.0.0-20180127040603-bd5ef7bd5415/go.mod h1:GwrjFmJcFw6At/Gs6z4yjiIwzuJ1/+UwLxMQDVQXShQ=
gopkg.in/check.v1 v0.0.0-20161208181325-20d25e280405/go.mod h1:Co6ibVJAznAaIkqp8huTwlJQCZ016jof/cbN4VW5Yz0=
gopkg.in/check.v1 v1.0.0-20201130134442-10cb98267c6c h1:Hei/4ADfdWqJk1ZMxUNpqntNwaWcugrBjAiHlqqRiVk=
gopkg.in/check.v1 v1.0.0-20201130134442-10cb98267c6c/go.mod h1:JHkPIbrfpd72SG/EVd6muEfDQjcINNoR0C8j2r3qZ4Q=
gopkg.in/yaml.v2 v2.4.0 h1:D8xgwECY7CYvx+Y2n4sBz93Jn9JRvxdiyyo8CTfuKaY=
gopkg.in/yaml.v2 v2.4.0/go.mod h1:RDklbk79AGWmwhnvt/jBztapEOGDOx6ZbXqjP6csGnQ=
sigs.k8s.io/yaml v1.4.0 h1:Mk1wCc2gy/F0THH0TAp1QYyJNzRm2KCLy3o5ASXVI5E=
sigs.k8s.io/yaml v1.4.0/go.mod h1:Ejl7/uTz7PSA4eKMyQCUTnhZYNmLIl+5c2lQPGR2BPY=
